{
  "name": "h5p-utils",
  "version": "1.0.0",
  "lockfileVersion": 2,
  "requires": true,
  "packages": {
    "": {
      "name": "h5p-utils",
      "version": "1.0.0",
      "license": "ISC",
      "devDependencies": {
        "@tsconfig/strictest": "^1.0.0",
        "h5p-types": "github:boyum/h5p-types"
      }
    },
    "node_modules/@tsconfig/strictest": {
      "version": "1.0.0",
      "resolved": "https://registry.npmjs.org/@tsconfig/strictest/-/strictest-1.0.0.tgz",
      "integrity": "sha512-ra6O+S1jsDzg68/XV38ha2LNs262ol2sAervwEQzlfxMQx1OAFhb9AE7TntFsnpYLnCiA4fvOpAyOIoR8vdnvg==",
      "dev": true
    },
    "node_modules/@types/jquery": {
      "version": "3.5.14",
      "resolved": "https://registry.npmjs.org/@types/jquery/-/jquery-3.5.14.tgz",
      "integrity": "sha512-X1gtMRMbziVQkErhTQmSe2jFwwENA/Zr+PprCkF63vFq+Yt5PZ4AlKqgmeNlwgn7dhsXEK888eIW2520EpC+xg==",
      "dev": true,
      "dependencies": {
        "@types/sizzle": "*"
      }
    },
    "node_modules/@types/sizzle": {
      "version": "2.3.3",
      "resolved": "https://registry.npmjs.org/@types/sizzle/-/sizzle-2.3.3.tgz",
      "integrity": "sha512-JYM8x9EGF163bEyhdJBpR2QX1R5naCJHC8ucJylJ3w9/CVBaskdQ8WqBf8MmQrd1kRvp/a4TS8HJ+bxzR7ZJYQ==",
      "dev": true
    },
    "node_modules/h5p-types": {
      "version": "0.0.11",
      "resolved": "git+ssh://git@github.com/boyum/h5p-types.git#db9b7b78effb2d19def4b59978aab3beb6661d90",
      "dev": true,
      "dependencies": {
        "@types/jquery": "^3.5.14"
      }
    }
  },
  "dependencies": {
    "@tsconfig/strictest": {
      "version": "1.0.0",
      "resolved": "https://registry.npmjs.org/@tsconfig/strictest/-/strictest-1.0.0.tgz",
      "integrity": "sha512-ra6O+S1jsDzg68/XV38ha2LNs262ol2sAervwEQzlfxMQx1OAFhb9AE7TntFsnpYLnCiA4fvOpAyOIoR8vdnvg==",
      "dev": true
    },
    "@types/jquery": {
      "version": "3.5.14",
      "resolved": "https://registry.npmjs.org/@types/jquery/-/jquery-3.5.14.tgz",
      "integrity": "sha512-X1gtMRMbziVQkErhTQmSe2jFwwENA/Zr+PprCkF63vFq+Yt5PZ4AlKqgmeNlwgn7dhsXEK888eIW2520EpC+xg==",
      "dev": true,
      "requires": {
        "@types/sizzle": "*"
      }
    },
    "@types/sizzle": {
      "version": "2.3.3",
      "resolved": "https://registry.npmjs.org/@types/sizzle/-/sizzle-2.3.3.tgz",
      "integrity": "sha512-JYM8x9EGF163bEyhdJBpR2QX1R5naCJHC8ucJylJ3w9/CVBaskdQ8WqBf8MmQrd1kRvp/a4TS8HJ+bxzR7ZJYQ==",
      "dev": true
    },
    "h5p-types": {
      "version": "git+ssh://git@github.com/boyum/h5p-types.git#db9b7b78effb2d19def4b59978aab3beb6661d90",
      "dev": true,
      "from": "h5p-types@github:boyum/h5p-types",
      "requires": {
        "@types/jquery": "^3.5.14"
      }
    }
  }
}
